
Microsoft Visual Studio Solution File, Format Version 12.00
# Visual Studio Version 16
VisualStudioVersion = 16.0.31911.196
MinimumVisualStudioVersion = 10.0.40219.1
Project("{FAE04EC0-301F-11D3-BF4B-00C04F79EFBC}") = "3.4 - function tabulation", "3.4 - function tabulation\3.4 - function tabulation.csproj", "{540E244B-498A-40F3-BC38-8B57914C1068}"
EndProject
Global
	GlobalSection(SolutionConfigurationPlatforms) = preSolution
		Debug|Any CPU = Debug|Any CPU
		Release|Any CPU = Release|Any CPU
	EndGlobalSection
	GlobalSection(ProjectConfigurationPlatforms) = postSolution
		{540E244B-498A-40F3-BC38-8B57914C1068}.Debug|Any CPU.ActiveCfg = Debug|Any CPU
		{540E244B-498A-40F3-BC38-8B57914C1068}.Debug|Any CPU.Build.0 = Debug|Any CPU
		{540E244B-498A-40F3-BC38-8B57914C1068}.Release|Any CPU.ActiveCfg = Release|Any CPU
		{540E244B-498A-40F3-BC38-8B57914C1068}.Release|Any CPU.Build.0 = Release|Any CPU
	EndGlobalSection
	GlobalSection(SolutionProperties) = preSolution
		HideSolutionNode = FALSE
	EndGlobalSection
	GlobalSection(ExtensibilityGlobals) = postSolution
		SolutionGuid = {52D7C7A8-8264-4D96-ACD7-277533E9F3BE}
	EndGlobalSection
EndGlobal
